// !$*UTF8*$!
{
	archiveVersion = 1;
	classes = {
	};
	objectVersion = 56;
	objects = {

/* Begin PBXBuildFile section */
		BF7C9095297F835300CAB2F5 /* Test.swift in Sources */ = {isa = PBXBuildFile; fileRef = BF7C9094297F835300CAB2F5 /* Test.swift */; };
		BFC23944297CD9F4005EB2B1 /* Week1App.swift in Sources */ = {isa = PBXBuildFile; fileRef = BFC23943297CD9F4005EB2B1 /* Week1App.swift */; };
		BFC23946297CD9F4005EB2B1 /* ContentView.swift in Sources */ = {isa = PBXBuildFile; fileRef = BFC23945297CD9F4005EB2B1 /* ContentView.swift */; };
		BFC23948297CD9F4005EB2B1 /* Assets.xcassets in Resources */ = {isa = PBXBuildFile; fileRef = BFC23947297CD9F4005EB2B1 /* Assets.xcassets */; };
		BFC2394B297CD9F4005EB2B1 /* Preview Assets.xcassets in Resources */ = {isa = PBXBuildFile; fileRef = BFC2394A297CD9F4005EB2B1 /* Preview Assets.xcassets */; };
		BFE300A8297D081E00C1F088 /* NanumGothic-Regular.ttf in Resources */ = {isa = PBXBuildFile; fileRef = BFE300A5297D081D00C1F088 /* NanumGothic-Regular.ttf */; };
		BFE300A9297D081E00C1F088 /* NanumGothic-Bold.ttf in Resources */ = {isa = PBXBuildFile; fileRef = BFE300A6297D081D00C1F088 /* NanumGothic-Bold.ttf */; };
		BFE300AA297D081E00C1F088 /* NanumGothic-ExtraBold.ttf in Resources */ = {isa = PBXBuildFile; fileRef = BFE300A7297D081E00C1F088 /* NanumGothic-ExtraBold.ttf */; };
		BFE300AF297E991F00C1F088 /* TextCounterTestView.swift in Sources */ = {isa = PBXBuildFile; fileRef = BFE300AE297E991F00C1F088 /* TextCounterTestView.swift */; };
		BFE300B1297E9BBE00C1F088 /* ViewModel.swift in Sources */ = {isa = PBXBuildFile; fileRef = BFE300B0297E9BBE00C1F088 /* ViewModel.swift */; };
/* End PBXBuildFile section */

/* Begin PBXFileReference section */
		BF7C9094297F835300CAB2F5 /* Test.swift */ = {isa = PBXFileReference; lastKnownFileType = sourcecode.swift; path = Test.swift; sourceTree = "<group>"; };
		BFC23940297CD9F4005EB2B1 /* Week1.app */ = {isa = PBXFileReference; explicitFileType = wrapper.application; includeInIndex = 0; path = Week1.app; sourceTree = BUILT_PRODUCTS_DIR; };
		BFC23943297CD9F4005EB2B1 /* Week1App.swift */ = {isa = PBXFileReference; lastKnownFileType = sourcecode.swift; path = Week1App.swift; sourceTree = "<group>"; };
		BFC23945297CD9F4005EB2B1 /* ContentView.swift */ = {isa = PBXFileReference; lastKnownFileType = sourcecode.swift; path = ContentView.swift; sourceTree = "<group>"; };
		BFC23947297CD9F4005EB2B1 /* Assets.xcassets */ = {isa = PBXFileReference; lastKnownFileType = folder.assetcatalog; path = Assets.xcassets; sourceTree = "<group>"; };
		BFC2394A297CD9F4005EB2B1 /* Preview Assets.xcassets */ = {isa = PBXFileReference; lastKnownFileType = folder.assetcatalog; path = "Preview Assets.xcassets"; sourceTree = "<group>"; };
		BFE300A5297D081D00C1F088 /* NanumGothic-Regular.ttf */ = {isa = PBXFileReference; lastKnownFileType = file; path = "NanumGothic-Regular.ttf"; sourceTree = "<group>"; };
		BFE300A6297D081D00C1F088 /* NanumGothic-Bold.ttf */ = {isa = PBXFileReference; lastKnownFileType = file; path = "NanumGothic-Bold.ttf"; sourceTree = "<group>"; };
		BFE300A7297D081E00C1F088 /* NanumGothic-ExtraBold.ttf */ = {isa = PBXFileReference; lastKnownFileType = file; path = "NanumGothic-ExtraBold.ttf"; sourceTree = "<group>"; };
		BFE300AB297D084000C1F088 /* Info.plist */ = {isa = PBXFileReference; lastKnownFileType = text.plist; path = Info.plist; sourceTree = "<group>"; };
		BFE300AE297E991F00C1F088 /* TextCounterTestView.swift */ = {isa = PBXFileReference; lastKnownFileType = sourcecode.swift; path = TextCounterTestView.swift; sourceTree = "<group>"; };
		BFE300B0297E9BBE00C1F088 /* ViewModel.swift */ = {isa = PBXFileReference; lastKnownFileType = sourcecode.swift; path = ViewModel.swift; sourceTree = "<group>"; };
/* End PBXFileReference section */

/* Begin PBXFrameworksBuildPhase section */
		BFC2393D297CD9F4005EB2B1 /* Frameworks */ = {
			isa = PBXFrameworksBuildPhase;
			buildActionMask = 2147483647;
			files = (
			);
			runOnlyForDeploymentPostprocessing = 0;
		};
/* End PBXFrameworksBuildPhase section */

/* Begin PBXGroup section */
		BFC23937297CD9F4005EB2B1 = {
			isa = PBXGroup;
			children = (
				BFC23942297CD9F4005EB2B1 /* Week1 */,
				BFC23941297CD9F4005EB2B1 /* Products */,
			);
			sourceTree = "<group>";
		};
		BFC23941297CD9F4005EB2B1 /* Products */ = {
			isa = PBXGroup;
			children = (
				BFC23940297CD9F4005EB2B1 /* Week1.app */,
			);
			name = Products;
			sourceTree = "<group>";
		};
		BFC23942297CD9F4005EB2B1 /* Week1 */ = {
			isa = PBXGroup;
			children = (
				BFE300AB297D084000C1F088 /* Info.plist */,
				BFE300A4297D081000C1F088 /* Fonts */,
				BFC23943297CD9F4005EB2B1 /* Week1App.swift */,
				BFC23945297CD9F4005EB2B1 /* ContentView.swift */,
				BF7C9094297F835300CAB2F5 /* Test.swift */,
				BFE300B0297E9BBE00C1F088 /* ViewModel.swift */,
				BFE300AE297E991F00C1F088 /* TextCounterTestView.swift */,
				BFC23947297CD9F4005EB2B1 /* Assets.xcassets */,
				BFC23949297CD9F4005EB2B1 /* Preview Content */,
			);
			path = Week1;
			sourceTree = "<group>";
		};
		BFC23949297CD9F4005EB2B1 /* Preview Content */ = {
			isa = PBXGroup;
			children = (
				BFC2394A297CD9F4005EB2B1 /* Preview Assets.xcassets */,
			);
			path = "Preview Content";
			sourceTree = "<group>";
		};
		BFE300A4297D081000C1F088 /* Fonts */ = {
			isa = PBXGroup;
			children = (
				BFE300A6297D081D00C1F088 /* NanumGothic-Bold.ttf */,
				BFE300A7297D081E00C1F088 /* NanumGothic-ExtraBold.ttf */,
				BFE300A5297D081D00C1F088 /* NanumGothic-Regular.ttf */,
			);
			path = Fonts;
			sourceTree = "<group>";
		};
/* End PBXGroup section */

/* Begin PBXNativeTarget section */
		BFC2393F297CD9F4005EB2B1 /* Week1 */ = {
			isa = PBXNativeTarget;
			buildConfigurationList = BFC2394E297CD9F4005EB2B1 /* Build configuration list for PBXNativeTarget "Week1" */;
			buildPhases = (
				BFC2393C297CD9F4005EB2B1 /* Sources */,
				BFC2393D297CD9F4005EB2B1 /* Frameworks */,
				BFC2393E297CD9F4005EB2B1 /* Resources */,
			);
			buildRules = (
			);
			dependencies = (
			);
			name = Week1;
			productName = Week1;
			productReference = BFC23940297CD9F4005EB2B1 /* Week1.app */;
			productType = "com.apple.product-type.application";
		};
/* End PBXNativeTarget section */

/* Begin PBXProject section */
		BFC23938297CD9F4005EB2B1 /* Project object */ = {
			isa = PBXProject;
			attributes = {
				BuildIndependentTargetsInParallel = 1;
				LastSwiftUpdateCheck = 1420;
				LastUpgradeCheck = 1420;
				TargetAttributes = {
					BFC2393F297CD9F4005EB2B1 = {
						CreatedOnToolsVersion = 14.2;
					};
				};
			};
			buildConfigurationList = BFC2393B297CD9F4005EB2B1 /* Build configuration list for PBXProject "Week1" */;
			compatibilityVersion = "Xcode 14.0";
			developmentRegion = en;
			hasScannedForEncodings = 0;
			knownRegions = (
				en,
				Base,
			);
			mainGroup = BFC23937297CD9F4005EB2B1;
			productRefGroup = BFC23941297CD9F4005EB2B1 /* Products */;
			projectDirPath = "";
			projectRoot = "";
			targets = (
				BFC2393F297CD9F4005EB2B1 /* Week1 */,
			);
		};
/* End PBXProject section */

/* Begin PBXResourcesBuildPhase section */
		BFC2393E297CD9F4005EB2B1 /* Resources */ = {
			isa = PBXResourcesBuildPhase;
			buildActionMask = 2147483647;
			files = (
				BFE300AA297D081E00C1F088 /* NanumGothic-ExtraBold.ttf in Resources */,
				BFE300A8297D081E00C1F088 /* NanumGothic-Regular.ttf in Resources */,
				BFC2394B297CD9F4005EB2B1 /* Preview Assets.xcassets in Resources */,
				BFC23948297CD9F4005EB2B1 /* Assets.xcassets in Resources */,
				BFE300A9297D081E00C1F088 /* NanumGothic-Bold.ttf in Resources */,
			);
			runOnlyForDeploymentPostprocessing = 0;
		};
/* End PBXResourcesBuildPhase section */

/* Begin PBXSourcesBuildPhase section */
		BFC2393C297CD9F4005EB2B1 /* Sources */ = {
			isa = PBXSourcesBuildPhase;
			buildActionMask = 2147483647;
			files = (
				BFE300AF297E991F00C1F088 /* TextCounterTestView.swift in Sources */,
				BFC23946297CD9F4005EB2B1 /* ContentView.swift in Sources */,
				BF7C9095297F835300CAB2F5 /* Test.swift in Sources */,
				BFE300B1297E9BBE00C1F088 /* ViewModel.swift in Sources */,
				BFC23944297CD9F4005EB2B1 /* Week1App.swift in Sources */,
			);
			runOnlyForDeploymentPostprocessing = 0;
		};
/* End PBXSourcesBuildPhase section */

/* Begin XCBuildConfiguration section */
		BFC2394C297CD9F4005EB2B1 /* Debug */ = {
			isa = XCBuildConfiguration;
			buildSettings = {
				ALWAYS_SEARCH_USER_PATHS = NO;
				CLANG_ANALYZER_NONNULL = YES;
				CLANG_ANALYZER_NUMBER_OBJECT_CONVERSION = YES_AGGRESSIVE;
				CLANG_CXX_LANGUAGE_STANDARD = "gnu++20";
				CLANG_ENABLE_MODULES = YES;
				CLANG_ENABLE_OBJC_ARC = YES;
				CLANG_ENABLE_OBJC_WEAK = YES;
				CLANG_WARN_BLOCK_CAPTURE_AUTORELEASING = YES;
				CLANG_WARN_BOOL_CONVERSION = YES;
				CLANG_WARN_COMMA = YES;
				CLANG_WARN_CONSTANT_CONVERSION = YES;
				CLANG_WARN_DEPRECATED_OBJC_IMPLEMENTATIONS = YES;
				CLANG_WARN_DIRECT_OBJC_ISA_USAGE = YES_ERROR;
				CLANG_WARN_DOCUMENTATION_COMMENTS = YES;
				CLANG_WARN_EMPTY_BODY = YES;
				CLANG_WARN_ENUM_CONVERSION = YES;
				CLANG_WARN_INFINITE_RECURSION = YES;
				CLANG_WARN_INT_CONVERSION = YES;
				CLANG_WARN_NON_LITERAL_NULL_CONVERSION = YES;
				CLANG_WARN_OBJC_IMPLICIT_RETAIN_SELF = YES;
				CLANG_WARN_OBJC_LITERAL_CONVERSION = YES;
				CLANG_WARN_OBJC_ROOT_CLASS = YES_ERROR;
				CLANG_WARN_QUOTED_INCLUDE_IN_FRAMEWORK_HEADER = YES;
				CLANG_WARN_RANGE_LOOP_ANALYSIS = YES;
				CLANG_WARN_STRICT_PROTOTYPES = YES;
				CLANG_WARN_SUSPICIOUS_MOVE = YES;
				CLANG_WARN_UNGUARDED_AVAILABILITY = YES_AGGRESSIVE;
				CLANG_WARN_UNREACHABLE_CODE = YES;
				CLANG_WARN__DUPLICATE_METHOD_MATCH = YES;
				COPY_PHASE_STRIP = NO;
				DEBUG_INFORMATION_FORMAT = dwarf;
				ENABLE_STRICT_OBJC_MSGSEND = YES;
				ENABLE_TESTABILITY = YES;
				GCC_C_LANGUAGE_STANDARD = gnu11;
				GCC_DYNAMIC_NO_PIC = NO;
				GCC_NO_COMMON_BLOCKS = YES;
				GCC_OPTIMIZATION_LEVEL = 0;
				GCC_PREPROCESSOR_DEFINITIONS = (
					"DEBUG=1",
					"$(inherited)",
				);
				GCC_WARN_64_TO_32_BIT_CONVERSION = YES;
				GCC_WARN_ABOUT_RETURN_TYPE = YES_ERROR;
				GCC_WARN_UNDECLARED_SELECTOR = YES;
				GCC_WARN_UNINITIALIZED_AUTOS = YES_AGGRESSIVE;
				GCC_WARN_UNUSED_FUNCTION = YES;
				GCC_WARN_UNUSED_VARIABLE = YES;
				IPHONEOS_DEPLOYMENT_TARGET = 16.2;
				MTL_ENABLE_DEBUG_INFO = INCLUDE_SOURCE;
				MTL_FAST_MATH = YES;
				ONLY_ACTIVE_ARCH = YES;
				SDKROOT = iphoneos;
				SWIFT_ACTIVE_COMPILATION_CONDITIONS = DEBUG;
				SWIFT_OPTIMIZATION_LEVEL = "-Onone";
			};
			name = Debug;
		};
		BFC2394D297CD9F4005EB2B1 /* Release */ = {
			isa = XCBuildConfiguration;
			buildSettings = {
				ALWAYS_SEARCH_USER_PATHS = NO;
				CLANG_ANALYZER_NONNULL = YES;
				CLANG_ANALYZER_NUMBER_OBJECT_CONVERSION = YES_AGGRESSIVE;
				CLANG_CXX_LANGUAGE_STANDARD = "gnu++20";
				CLANG_ENABLE_MODULES = YES;
				CLANG_ENABLE_OBJC_ARC = YES;
				CLANG_ENABLE_OBJC_WEAK = YES;
				CLANG_WARN_BLOCK_CAPTURE_AUTORELEASING = YES;
				CLANG_WARN_BOOL_CONVERSION = YES;
				CLANG_WARN_COMMA = YES;
				CLANG_WARN_CONSTANT_CONVERSION = YES;
				CLANG_WARN_DEPRECATED_OBJC_IMPLEMENTATIONS = YES;
				CLANG_WARN_DIRECT_OBJC_ISA_USAGE = YES_ERROR;
				CLANG_WARN_DOCUMENTATION_COMMENTS = YES;
				CLANG_WARN_EMPTY_BODY = YES;
				CLANG_WARN_ENUM_CONVERSION = YES;
				CLANG_WARN_INFINITE_RECURSION = YES;
				CLANG_WARN_INT_CONVERSION = YES;
				CLANG_WARN_NON_LITERAL_NULL_CONVERSION = YES;
				CLANG_WARN_OBJC_IMPLICIT_RETAIN_SELF = YES;
				CLANG_WARN_OBJC_LITERAL_CONVERSION = YES;
				CLANG_WARN_OBJC_ROOT_CLASS = YES_ERROR;
				CLANG_WARN_QUOTED_INCLUDE_IN_FRAMEWORK_HEADER = YES;
				CLANG_WARN_RANGE_LOOP_ANALYSIS = YES;
				CLANG_WARN_STRICT_PROTOTYPES = YES;
				CLANG_WARN_SUSPICIOUS_MOVE = YES;
				CLANG_WARN_UNGUARDED_AVAILABILITY = YES_AGGRESSIVE;
				CLANG_WARN_UNREACHABLE_CODE = YES;
				CLANG_WARN__DUPLICATE_METHOD_MATCH = YES;
				COPY_PHASE_STRIP = NO;
				DEBUG_INFORMATION_FORMAT = "dwarf-with-dsym";
				ENABLE_NS_ASSERTIONS = NO;
				ENABLE_STRICT_OBJC_MSGSEND = YES;
				GCC_C_LANGUAGE_STANDARD = gnu11;
				GCC_NO_COMMON_BLOCKS = YES;
				GCC_WARN_64_TO_32_BIT_CONVERSION = YES;
				GCC_WARN_ABOUT_RETURN_TYPE = YES_ERROR;
				GCC_WARN_UNDECLARED_SELECTOR = YES;
				GCC_WARN_UNINITIALIZED_AUTOS = YES_AGGRESSIVE;
				GCC_WARN_UNUSED_FUNCTION = YES;
				GCC_WARN_UNUSED_VARIABLE = YES;
				IPHONEOS_DEPLOYMENT_TARGET = 16.2;
				MTL_ENABLE_DEBUG_INFO = NO;
				MTL_FAST_MATH = YES;
				SDKROOT = iphoneos;
				SWIFT_COMPILATION_MODE = wholemodule;
				SWIFT_OPTIMIZATION_LEVEL = "-O";
				VALIDATE_PRODUCT = YES;
			};
			name = Release;
		};
		BFC2394F297CD9F4005EB2B1 /* Debug */ = {
			isa = XCBuildConfiguration;
			buildSettings = {
				ASSETCATALOG_COMPILER_APPICON_NAME = AppIcon;
				ASSETCATALOG_COMPILER_GLOBAL_ACCENT_COLOR_NAME = AccentColor;
				CODE_SIGN_STYLE = Automatic;
				CURRENT_PROJECT_VERSION = 1;
				DEVELOPMENT_ASSET_PATHS = "\"Week1/Preview Content\"";
				DEVELOPMENT_TEAM = L8QX5LU28U;
				ENABLE_PREVIEWS = YES;
				GENERATE_INFOPLIST_FILE = YES;
				INFOPLIST_FILE = Week1/Info.plist;
				INFOPLIST_KEY_UIApplicationSceneManifest_Generation = YES;
				INFOPLIST_KEY_UIApplicationSupportsIndirectInputEvents = YES;
				INFOPLIST_KEY_UILaunchScreen_Generation = YES;
				INFOPLIST_KEY_UISupportedInterfaceOrientations_iPad = "UIInterfaceOrientationPortrait UIInterfaceOrientationPortraitUpsideDown UIInterfaceOrientationLandscapeLeft UIInterfaceOrientationLandscapeRight";
				INFOPLIST_KEY_UISupportedInterfaceOrientations_iPhone = "UIInterfaceOrientationPortrait UIInterfaceOrientationLandscapeLeft UIInterfaceOrientationLandscapeRight";
				LD_RUNPATH_SEARCH_PATHS = (
					"$(inherited)",
					"@executable_path/Frameworks",
				);
				MARKETING_VERSION = 1.0;
				PRODUCT_BUNDLE_IDENTIFIER = au.edu.uts.student.Week1;
				PRODUCT_NAME = "$(TARGET_NAME)";
				SWIFT_EMIT_LOC_STRINGS = YES;
				SWIFT_VERSION = 5.0;
				TARGETED_DEVICE_FAMILY = "1,2";
			};
			name = Debug;
		};
		BFC23950297CD9F4005EB2B1 /* Release */ = {
			isa = XCBuildConfiguration;
			buildSettings = {
				ASSETCATALOG_COMPILER_APPICON_NAME = AppIcon;
				ASSETCATALOG_COMPILER_GLOBAL_ACCENT_COLOR_NAME = AccentColor;
				CODE_SIGN_STYLE = Automatic;
				CURRENT_PROJECT_VERSION = 1;
				DEVELOPMENT_ASSET_PATHS = "\"Week1/Preview Content\"";
				DEVELOPMENT_TEAM = L8QX5LU28U;
				ENABLE_PREVIEWS = YES;
				GENERATE_INFOPLIST_FILE = YES;
				INFOPLIST_FILE = Week1/Info.plist;
				INFOPLIST_KEY_UIApplicationSceneManifest_Generation = YES;
				INFOPLIST_KEY_UIApplicationSupportsIndirectInputEvents = YES;
				INFOPLIST_KEY_UILaunchScreen_Generation = YES;
				INFOPLIST_KEY_UISupportedInterfaceOrientations_iPad = "UIInterfaceOrientationPortrait UIInterfaceOrientationPortraitUpsideDown UIInterfaceOrientationLandscapeLeft UIInterfaceOrientationLandscapeRight";
				INFOPLIST_KEY_UISupportedInterfaceOrientations_iPhone = "UIInterfaceOrientationPortrait UIInterfaceOrientationLandscapeLeft UIInterfaceOrientationLandscapeRight";
				LD_RUNPATH_SEARCH_PATHS = (
					"$(inherited)",
					"@executable_path/Frameworks",
				);
				MARKETING_VERSION = 1.0;
				PRODUCT_BUNDLE_IDENTIFIER = au.edu.uts.student.Week1;
				PRODUCT_NAME = "$(TARGET_NAME)";
				SWIFT_EMIT_LOC_STRINGS = YES;
				SWIFT_VERSION = 5.0;
				TARGETED_DEVICE_FAMILY = "1,2";
			};
			name = Release;
		};
/* End XCBuildConfiguration section */

/* Begin XCConfigurationList section */
		BFC2393B297CD9F4005EB2B1 /* Build configuration list for PBXProject "Week1" */ = {
			isa = XCConfigurationList;
			buildConfigurations = (
				BFC2394C297CD9F4005EB2B1 /* Debug */,
				BFC2394D297CD9F4005EB2B1 /* Release */,
			);
			defaultConfigurationIsVisible = 0;
			defaultConfigurationName = Release;
		};
		BFC2394E297CD9F4005EB2B1 /* Build configuration list for PBXNativeTarget "Week1" */ = {
			isa = XCConfigurationList;
			buildConfigurations = (
				BFC2394F297CD9F4005EB2B1 /* Debug */,
				BFC23950297CD9F4005EB2B1 /* Release */,
			);
			defaultConfigurationIsVisible = 0;
			defaultConfigurationName = Release;
		};
/* End XCConfigurationList section */
	};
	rootObject = BFC23938297CD9F4005EB2B1 /* Project object */;
}
