// !$*UTF8*$!
{
	archiveVersion = 1;
	classes = {
	};
	objectVersion = 56;
	objects = {

/* Begin PBXBuildFile section */
		BF5314832988D9E40013E636 /* CustomTextEditor.swift in Sources */ = {isa = PBXBuildFile; fileRef = BF5314822988D9E40013E636 /* CustomTextEditor.swift */; };
		BF5314852988DEB50013E636 /* NumberOfText.swift in Sources */ = {isa = PBXBuildFile; fileRef = BF5314842988DEB50013E636 /* NumberOfText.swift */; };
		BF5314872988E62C0013E636 /* WebsitTextField.swift in Sources */ = {isa = PBXBuildFile; fileRef = BF5314862988E62C0013E636 /* WebsitTextField.swift */; };
		BF750E182988D2D50080EA5B /* Title.swift in Sources */ = {isa = PBXBuildFile; fileRef = BF750E172988D2D50080EA5B /* Title.swift */; };
		BF7C9098297F8DC700CAB2F5 /* ImagePicker.swift in Sources */ = {isa = PBXBuildFile; fileRef = BF7C9097297F8DC700CAB2F5 /* ImagePicker.swift */; };
		BF7C909D297FA1E400CAB2F5 /* Picker.swift in Sources */ = {isa = PBXBuildFile; fileRef = BF7C909C297FA1E400CAB2F5 /* Picker.swift */; };
		BF7C90A3297FA94300CAB2F5 /* CustomTextField.swift in Sources */ = {isa = PBXBuildFile; fileRef = BF7C90A2297FA94300CAB2F5 /* CustomTextField.swift */; };
		BF7C90A6297FAA7500CAB2F5 /* ProfileImageMod.swift in Sources */ = {isa = PBXBuildFile; fileRef = BF7C90A5297FAA7500CAB2F5 /* ProfileImageMod.swift */; };
		BF7C90AC2980198300CAB2F5 /* Unbounded-Bold.ttf in Resources */ = {isa = PBXBuildFile; fileRef = BF7C90AB2980198300CAB2F5 /* Unbounded-Bold.ttf */; };
		BF7C90B029801C8900CAB2F5 /* NanumGothicExtraBold.ttf in Resources */ = {isa = PBXBuildFile; fileRef = BF7C90AD29801C8900CAB2F5 /* NanumGothicExtraBold.ttf */; };
		BF7C90B129801C8900CAB2F5 /* NanumGothicBold.ttf in Resources */ = {isa = PBXBuildFile; fileRef = BF7C90AE29801C8900CAB2F5 /* NanumGothicBold.ttf */; };
		BF7C90B229801C8900CAB2F5 /* NanumGothicRegular.ttf in Resources */ = {isa = PBXBuildFile; fileRef = BF7C90AF29801C8900CAB2F5 /* NanumGothicRegular.ttf */; };
		BF7C90B52980DCB400CAB2F5 /* Focuser in Frameworks */ = {isa = PBXBuildFile; productRef = BF7C90B42980DCB400CAB2F5 /* Focuser */; };
		BFC23944297CD9F4005EB2B1 /* Week1App.swift in Sources */ = {isa = PBXBuildFile; fileRef = BFC23943297CD9F4005EB2B1 /* Week1App.swift */; };
		BFC23946297CD9F4005EB2B1 /* ContentView.swift in Sources */ = {isa = PBXBuildFile; fileRef = BFC23945297CD9F4005EB2B1 /* ContentView.swift */; };
		BFC23948297CD9F4005EB2B1 /* Assets.xcassets in Resources */ = {isa = PBXBuildFile; fileRef = BFC23947297CD9F4005EB2B1 /* Assets.xcassets */; };
		BFC2394B297CD9F4005EB2B1 /* Preview Assets.xcassets in Resources */ = {isa = PBXBuildFile; fileRef = BFC2394A297CD9F4005EB2B1 /* Preview Assets.xcassets */; };
		BFE300B1297E9BBE00C1F088 /* ViewModel.swift in Sources */ = {isa = PBXBuildFile; fileRef = BFE300B0297E9BBE00C1F088 /* ViewModel.swift */; };
/* End PBXBuildFile section */

/* Begin PBXFileReference section */
		BF5314822988D9E40013E636 /* CustomTextEditor.swift */ = {isa = PBXFileReference; lastKnownFileType = sourcecode.swift; path = CustomTextEditor.swift; sourceTree = "<group>"; };
		BF5314842988DEB50013E636 /* NumberOfText.swift */ = {isa = PBXFileReference; lastKnownFileType = sourcecode.swift; path = NumberOfText.swift; sourceTree = "<group>"; };
		BF5314862988E62C0013E636 /* WebsitTextField.swift */ = {isa = PBXFileReference; lastKnownFileType = sourcecode.swift; path = WebsitTextField.swift; sourceTree = "<group>"; };
		BF750E172988D2D50080EA5B /* Title.swift */ = {isa = PBXFileReference; lastKnownFileType = sourcecode.swift; path = Title.swift; sourceTree = "<group>"; };
		BF7C9097297F8DC700CAB2F5 /* ImagePicker.swift */ = {isa = PBXFileReference; lastKnownFileType = sourcecode.swift; path = ImagePicker.swift; sourceTree = "<group>"; };
		BF7C909C297FA1E400CAB2F5 /* Picker.swift */ = {isa = PBXFileReference; lastKnownFileType = sourcecode.swift; path = Picker.swift; sourceTree = "<group>"; };
		BF7C90A2297FA94300CAB2F5 /* CustomTextField.swift */ = {isa = PBXFileReference; lastKnownFileType = sourcecode.swift; path = CustomTextField.swift; sourceTree = "<group>"; };
		BF7C90A5297FAA7500CAB2F5 /* ProfileImageMod.swift */ = {isa = PBXFileReference; lastKnownFileType = sourcecode.swift; path = ProfileImageMod.swift; sourceTree = "<group>"; };
		BF7C90AB2980198300CAB2F5 /* Unbounded-Bold.ttf */ = {isa = PBXFileReference; lastKnownFileType = file; path = "Unbounded-Bold.ttf"; sourceTree = "<group>"; };
		BF7C90AD29801C8900CAB2F5 /* NanumGothicExtraBold.ttf */ = {isa = PBXFileReference; lastKnownFileType = file; path = NanumGothicExtraBold.ttf; sourceTree = "<group>"; };
		BF7C90AE29801C8900CAB2F5 /* NanumGothicBold.ttf */ = {isa = PBXFileReference; lastKnownFileType = file; path = NanumGothicBold.ttf; sourceTree = "<group>"; };
		BF7C90AF29801C8900CAB2F5 /* NanumGothicRegular.ttf */ = {isa = PBXFileReference; lastKnownFileType = file; path = NanumGothicRegular.ttf; sourceTree = "<group>"; };
		BFC23940297CD9F4005EB2B1 /* Week1.app */ = {isa = PBXFileReference; explicitFileType = wrapper.application; includeInIndex = 0; path = Week1.app; sourceTree = BUILT_PRODUCTS_DIR; };
		BFC23943297CD9F4005EB2B1 /* Week1App.swift */ = {isa = PBXFileReference; lastKnownFileType = sourcecode.swift; path = Week1App.swift; sourceTree = "<group>"; };
		BFC23945297CD9F4005EB2B1 /* ContentView.swift */ = {isa = PBXFileReference; lastKnownFileType = sourcecode.swift; path = ContentView.swift; sourceTree = "<group>"; };
		BFC23947297CD9F4005EB2B1 /* Assets.xcassets */ = {isa = PBXFileReference; lastKnownFileType = folder.assetcatalog; path = Assets.xcassets; sourceTree = "<group>"; };
		BFC2394A297CD9F4005EB2B1 /* Preview Assets.xcassets */ = {isa = PBXFileReference; lastKnownFileType = folder.assetcatalog; path = "Preview Assets.xcassets"; sourceTree = "<group>"; };
		BFE300AB297D084000C1F088 /* Info.plist */ = {isa = PBXFileReference; lastKnownFileType = text.plist; path = Info.plist; sourceTree = "<group>"; };
		BFE300B0297E9BBE00C1F088 /* ViewModel.swift */ = {isa = PBXFileReference; lastKnownFileType = sourcecode.swift; path = ViewModel.swift; sourceTree = "<group>"; };
/* End PBXFileReference section */

/* Begin PBXFrameworksBuildPhase section */
		BFC2393D297CD9F4005EB2B1 /* Frameworks */ = {
			isa = PBXFrameworksBuildPhase;
			buildActionMask = 2147483647;
			files = (
				BF7C90B52980DCB400CAB2F5 /* Focuser in Frameworks */,
			);
			runOnlyForDeploymentPostprocessing = 0;
		};
/* End PBXFrameworksBuildPhase section */

/* Begin PBXGroup section */
		BF750E162988D2450080EA5B /* Components */ = {
			isa = PBXGroup;
			children = (
				BF750E172988D2D50080EA5B /* Title.swift */,
				BF7C90A2297FA94300CAB2F5 /* CustomTextField.swift */,
				BF5314822988D9E40013E636 /* CustomTextEditor.swift */,
				BF5314842988DEB50013E636 /* NumberOfText.swift */,
				BF5314862988E62C0013E636 /* WebsitTextField.swift */,
			);
			name = Components;
			sourceTree = "<group>";
		};
		BF7C9099297FA1A900CAB2F5 /* View */ = {
			isa = PBXGroup;
			children = (
				BFC23945297CD9F4005EB2B1 /* ContentView.swift */,
				BF750E162988D2450080EA5B /* Components */,
			);
			path = View;
			sourceTree = "<group>";
		};
		BF7C909A297FA1AD00CAB2F5 /* ViewModel */ = {
			isa = PBXGroup;
			children = (
				BFE300B0297E9BBE00C1F088 /* ViewModel.swift */,
			);
			path = ViewModel;
			sourceTree = "<group>";
		};
		BF7C909B297FA1B200CAB2F5 /* Model */ = {
			isa = PBXGroup;
			children = (
				BF7C909C297FA1E400CAB2F5 /* Picker.swift */,
			);
			path = Model;
			sourceTree = "<group>";
		};
		BF7C90A4297FAA5500CAB2F5 /* Extension */ = {
			isa = PBXGroup;
			children = (
				BF7C90A5297FAA7500CAB2F5 /* ProfileImageMod.swift */,
			);
			path = Extension;
			sourceTree = "<group>";
		};
		BFC23937297CD9F4005EB2B1 = {
			isa = PBXGroup;
			children = (
				BFC23942297CD9F4005EB2B1 /* Week1 */,
				BFC23941297CD9F4005EB2B1 /* Products */,
			);
			sourceTree = "<group>";
		};
		BFC23941297CD9F4005EB2B1 /* Products */ = {
			isa = PBXGroup;
			children = (
				BFC23940297CD9F4005EB2B1 /* Week1.app */,
			);
			name = Products;
			sourceTree = "<group>";
		};
		BFC23942297CD9F4005EB2B1 /* Week1 */ = {
			isa = PBXGroup;
			children = (
				BFE300AB297D084000C1F088 /* Info.plist */,
				BFE300A4297D081000C1F088 /* Fonts */,
				BFC23943297CD9F4005EB2B1 /* Week1App.swift */,
				BF7C909B297FA1B200CAB2F5 /* Model */,
				BF7C909A297FA1AD00CAB2F5 /* ViewModel */,
				BF7C9099297FA1A900CAB2F5 /* View */,
				BF7C90A4297FAA5500CAB2F5 /* Extension */,
				BFC23947297CD9F4005EB2B1 /* Assets.xcassets */,
				BF7C9097297F8DC700CAB2F5 /* ImagePicker.swift */,
				BFC23949297CD9F4005EB2B1 /* Preview Content */,
			);
			path = Week1;
			sourceTree = "<group>";
		};
		BFC23949297CD9F4005EB2B1 /* Preview Content */ = {
			isa = PBXGroup;
			children = (
				BFC2394A297CD9F4005EB2B1 /* Preview Assets.xcassets */,
			);
			path = "Preview Content";
			sourceTree = "<group>";
		};
		BFE300A4297D081000C1F088 /* Fonts */ = {
			isa = PBXGroup;
			children = (
				BF7C90AE29801C8900CAB2F5 /* NanumGothicBold.ttf */,
				BF7C90AD29801C8900CAB2F5 /* NanumGothicExtraBold.ttf */,
				BF7C90AF29801C8900CAB2F5 /* NanumGothicRegular.ttf */,
				BF7C90AB2980198300CAB2F5 /* Unbounded-Bold.ttf */,
			);
			path = Fonts;
			sourceTree = "<group>";
		};
/* End PBXGroup section */

/* Begin PBXNativeTarget section */
		BFC2393F297CD9F4005EB2B1 /* Week1 */ = {
			isa = PBXNativeTarget;
			buildConfigurationList = BFC2394E297CD9F4005EB2B1 /* Build configuration list for PBXNativeTarget "Week1" */;
			buildPhases = (
				BFC2393C297CD9F4005EB2B1 /* Sources */,
				BFC2393D297CD9F4005EB2B1 /* Frameworks */,
				BFC2393E297CD9F4005EB2B1 /* Resources */,
			);
			buildRules = (
			);
			dependencies = (
			);
			name = Week1;
			packageProductDependencies = (
				BF7C90B42980DCB400CAB2F5 /* Focuser */,
			);
			productName = Week1;
			productReference = BFC23940297CD9F4005EB2B1 /* Week1.app */;
			productType = "com.apple.product-type.application";
		};
/* End PBXNativeTarget section */

/* Begin PBXProject section */
		BFC23938297CD9F4005EB2B1 /* Project object */ = {
			isa = PBXProject;
			attributes = {
				BuildIndependentTargetsInParallel = 1;
				LastSwiftUpdateCheck = 1420;
				LastUpgradeCheck = 1420;
				TargetAttributes = {
					BFC2393F297CD9F4005EB2B1 = {
						CreatedOnToolsVersion = 14.2;
					};
				};
			};
			buildConfigurationList = BFC2393B297CD9F4005EB2B1 /* Build configuration list for PBXProject "Week1" */;
			compatibilityVersion = "Xcode 14.0";
			developmentRegion = en;
			hasScannedForEncodings = 0;
			knownRegions = (
				en,
				Base,
			);
			mainGroup = BFC23937297CD9F4005EB2B1;
			packageReferences = (
				BF7C90B32980DCB400CAB2F5 /* XCRemoteSwiftPackageReference "swift-focuser" */,
			);
			productRefGroup = BFC23941297CD9F4005EB2B1 /* Products */;
			projectDirPath = "";
			projectRoot = "";
			targets = (
				BFC2393F297CD9F4005EB2B1 /* Week1 */,
			);
		};
/* End PBXProject section */

/* Begin PBXResourcesBuildPhase section */
		BFC2393E297CD9F4005EB2B1 /* Resources */ = {
			isa = PBXResourcesBuildPhase;
			buildActionMask = 2147483647;
			files = (
				BF7C90B029801C8900CAB2F5 /* NanumGothicExtraBold.ttf in Resources */,
				BF7C90AC2980198300CAB2F5 /* Unbounded-Bold.ttf in Resources */,
				BFC2394B297CD9F4005EB2B1 /* Preview Assets.xcassets in Resources */,
				BF7C90B229801C8900CAB2F5 /* NanumGothicRegular.ttf in Resources */,
				BFC23948297CD9F4005EB2B1 /* Assets.xcassets in Resources */,
				BF7C90B129801C8900CAB2F5 /* NanumGothicBold.ttf in Resources */,
			);
			runOnlyForDeploymentPostprocessing = 0;
		};
/* End PBXResourcesBuildPhase section */

/* Begin PBXSourcesBuildPhase section */
		BFC2393C297CD9F4005EB2B1 /* Sources */ = {
			isa = PBXSourcesBuildPhase;
			buildActionMask = 2147483647;
			files = (
				BF7C90A6297FAA7500CAB2F5 /* ProfileImageMod.swift in Sources */,
				BF750E182988D2D50080EA5B /* Title.swift in Sources */,
				BFC23946297CD9F4005EB2B1 /* ContentView.swift in Sources */,
				BF5314832988D9E40013E636 /* CustomTextEditor.swift in Sources */,
				BF5314872988E62C0013E636 /* WebsitTextField.swift in Sources */,
				BF5314852988DEB50013E636 /* NumberOfText.swift in Sources */,
				BF7C9098297F8DC700CAB2F5 /* ImagePicker.swift in Sources */,
				BFE300B1297E9BBE00C1F088 /* ViewModel.swift in Sources */,
				BF7C909D297FA1E400CAB2F5 /* Picker.swift in Sources */,
				BFC23944297CD9F4005EB2B1 /* Week1App.swift in Sources */,
				BF7C90A3297FA94300CAB2F5 /* CustomTextField.swift in Sources */,
			);
			runOnlyForDeploymentPostprocessing = 0;
		};
/* End PBXSourcesBuildPhase section */

/* Begin XCBuildConfiguration section */
		BFC2394C297CD9F4005EB2B1 /* Debug */ = {
			isa = XCBuildConfiguration;
			buildSettings = {
				ALWAYS_SEARCH_USER_PATHS = NO;
				CLANG_ANALYZER_NONNULL = YES;
				CLANG_ANALYZER_NUMBER_OBJECT_CONVERSION = YES_AGGRESSIVE;
				CLANG_CXX_LANGUAGE_STANDARD = "gnu++20";
				CLANG_ENABLE_MODULES = YES;
				CLANG_ENABLE_OBJC_ARC = YES;
				CLANG_ENABLE_OBJC_WEAK = YES;
				CLANG_WARN_BLOCK_CAPTURE_AUTORELEASING = YES;
				CLANG_WARN_BOOL_CONVERSION = YES;
				CLANG_WARN_COMMA = YES;
				CLANG_WARN_CONSTANT_CONVERSION = YES;
				CLANG_WARN_DEPRECATED_OBJC_IMPLEMENTATIONS = YES;
				CLANG_WARN_DIRECT_OBJC_ISA_USAGE = YES_ERROR;
				CLANG_WARN_DOCUMENTATION_COMMENTS = YES;
				CLANG_WARN_EMPTY_BODY = YES;
				CLANG_WARN_ENUM_CONVERSION = YES;
				CLANG_WARN_INFINITE_RECURSION = YES;
				CLANG_WARN_INT_CONVERSION = YES;
				CLANG_WARN_NON_LITERAL_NULL_CONVERSION = YES;
				CLANG_WARN_OBJC_IMPLICIT_RETAIN_SELF = YES;
				CLANG_WARN_OBJC_LITERAL_CONVERSION = YES;
				CLANG_WARN_OBJC_ROOT_CLASS = YES_ERROR;
				CLANG_WARN_QUOTED_INCLUDE_IN_FRAMEWORK_HEADER = YES;
				CLANG_WARN_RANGE_LOOP_ANALYSIS = YES;
				CLANG_WARN_STRICT_PROTOTYPES = YES;
				CLANG_WARN_SUSPICIOUS_MOVE = YES;
				CLANG_WARN_UNGUARDED_AVAILABILITY = YES_AGGRESSIVE;
				CLANG_WARN_UNREACHABLE_CODE = YES;
				CLANG_WARN__DUPLICATE_METHOD_MATCH = YES;
				COPY_PHASE_STRIP = NO;
				DEBUG_INFORMATION_FORMAT = dwarf;
				ENABLE_STRICT_OBJC_MSGSEND = YES;
				ENABLE_TESTABILITY = YES;
				GCC_C_LANGUAGE_STANDARD = gnu11;
				GCC_DYNAMIC_NO_PIC = NO;
				GCC_NO_COMMON_BLOCKS = YES;
				GCC_OPTIMIZATION_LEVEL = 0;
				GCC_PREPROCESSOR_DEFINITIONS = (
					"DEBUG=1",
					"$(inherited)",
				);
				GCC_WARN_64_TO_32_BIT_CONVERSION = YES;
				GCC_WARN_ABOUT_RETURN_TYPE = YES_ERROR;
				GCC_WARN_UNDECLARED_SELECTOR = YES;
				GCC_WARN_UNINITIALIZED_AUTOS = YES_AGGRESSIVE;
				GCC_WARN_UNUSED_FUNCTION = YES;
				GCC_WARN_UNUSED_VARIABLE = YES;
				IPHONEOS_DEPLOYMENT_TARGET = 16.2;
				MTL_ENABLE_DEBUG_INFO = INCLUDE_SOURCE;
				MTL_FAST_MATH = YES;
				ONLY_ACTIVE_ARCH = YES;
				SDKROOT = iphoneos;
				SWIFT_ACTIVE_COMPILATION_CONDITIONS = DEBUG;
				SWIFT_OPTIMIZATION_LEVEL = "-Onone";
			};
			name = Debug;
		};
		BFC2394D297CD9F4005EB2B1 /* Release */ = {
			isa = XCBuildConfiguration;
			buildSettings = {
				ALWAYS_SEARCH_USER_PATHS = NO;
				CLANG_ANALYZER_NONNULL = YES;
				CLANG_ANALYZER_NUMBER_OBJECT_CONVERSION = YES_AGGRESSIVE;
				CLANG_CXX_LANGUAGE_STANDARD = "gnu++20";
				CLANG_ENABLE_MODULES = YES;
				CLANG_ENABLE_OBJC_ARC = YES;
				CLANG_ENABLE_OBJC_WEAK = YES;
				CLANG_WARN_BLOCK_CAPTURE_AUTORELEASING = YES;
				CLANG_WARN_BOOL_CONVERSION = YES;
				CLANG_WARN_COMMA = YES;
				CLANG_WARN_CONSTANT_CONVERSION = YES;
				CLANG_WARN_DEPRECATED_OBJC_IMPLEMENTATIONS = YES;
				CLANG_WARN_DIRECT_OBJC_ISA_USAGE = YES_ERROR;
				CLANG_WARN_DOCUMENTATION_COMMENTS = YES;
				CLANG_WARN_EMPTY_BODY = YES;
				CLANG_WARN_ENUM_CONVERSION = YES;
				CLANG_WARN_INFINITE_RECURSION = YES;
				CLANG_WARN_INT_CONVERSION = YES;
				CLANG_WARN_NON_LITERAL_NULL_CONVERSION = YES;
				CLANG_WARN_OBJC_IMPLICIT_RETAIN_SELF = YES;
				CLANG_WARN_OBJC_LITERAL_CONVERSION = YES;
				CLANG_WARN_OBJC_ROOT_CLASS = YES_ERROR;
				CLANG_WARN_QUOTED_INCLUDE_IN_FRAMEWORK_HEADER = YES;
				CLANG_WARN_RANGE_LOOP_ANALYSIS = YES;
				CLANG_WARN_STRICT_PROTOTYPES = YES;
				CLANG_WARN_SUSPICIOUS_MOVE = YES;
				CLANG_WARN_UNGUARDED_AVAILABILITY = YES_AGGRESSIVE;
				CLANG_WARN_UNREACHABLE_CODE = YES;
				CLANG_WARN__DUPLICATE_METHOD_MATCH = YES;
				COPY_PHASE_STRIP = NO;
				DEBUG_INFORMATION_FORMAT = "dwarf-with-dsym";
				ENABLE_NS_ASSERTIONS = NO;
				ENABLE_STRICT_OBJC_MSGSEND = YES;
				GCC_C_LANGUAGE_STANDARD = gnu11;
				GCC_NO_COMMON_BLOCKS = YES;
				GCC_WARN_64_TO_32_BIT_CONVERSION = YES;
				GCC_WARN_ABOUT_RETURN_TYPE = YES_ERROR;
				GCC_WARN_UNDECLARED_SELECTOR = YES;
				GCC_WARN_UNINITIALIZED_AUTOS = YES_AGGRESSIVE;
				GCC_WARN_UNUSED_FUNCTION = YES;
				GCC_WARN_UNUSED_VARIABLE = YES;
				IPHONEOS_DEPLOYMENT_TARGET = 16.2;
				MTL_ENABLE_DEBUG_INFO = NO;
				MTL_FAST_MATH = YES;
				SDKROOT = iphoneos;
				SWIFT_COMPILATION_MODE = wholemodule;
				SWIFT_OPTIMIZATION_LEVEL = "-O";
				VALIDATE_PRODUCT = YES;
			};
			name = Release;
		};
		BFC2394F297CD9F4005EB2B1 /* Debug */ = {
			isa = XCBuildConfiguration;
			buildSettings = {
				ASSETCATALOG_COMPILER_APPICON_NAME = AppIcon;
				ASSETCATALOG_COMPILER_GLOBAL_ACCENT_COLOR_NAME = AccentColor;
				CODE_SIGN_STYLE = Automatic;
				CURRENT_PROJECT_VERSION = 1;
				DEVELOPMENT_ASSET_PATHS = "\"Week1/Preview Content\"";
				DEVELOPMENT_TEAM = L8QX5LU28U;
				ENABLE_PREVIEWS = YES;
				GENERATE_INFOPLIST_FILE = YES;
				INFOPLIST_FILE = Week1/Info.plist;
				INFOPLIST_KEY_NSCameraUsageDescription = "";
				INFOPLIST_KEY_UIApplicationSceneManifest_Generation = YES;
				INFOPLIST_KEY_UIApplicationSupportsIndirectInputEvents = YES;
				INFOPLIST_KEY_UILaunchScreen_Generation = YES;
				INFOPLIST_KEY_UISupportedInterfaceOrientations_iPad = "UIInterfaceOrientationPortrait UIInterfaceOrientationPortraitUpsideDown UIInterfaceOrientationLandscapeLeft UIInterfaceOrientationLandscapeRight";
				INFOPLIST_KEY_UISupportedInterfaceOrientations_iPhone = "UIInterfaceOrientationPortrait UIInterfaceOrientationLandscapeLeft UIInterfaceOrientationLandscapeRight";
				IPHONEOS_DEPLOYMENT_TARGET = 14.0;
				LD_RUNPATH_SEARCH_PATHS = (
					"$(inherited)",
					"@executable_path/Frameworks",
				);
				MARKETING_VERSION = 1.0;
				PRODUCT_BUNDLE_IDENTIFIER = au.edu.uts.student.Week1;
				PRODUCT_NAME = "$(TARGET_NAME)";
				SWIFT_EMIT_LOC_STRINGS = YES;
				SWIFT_VERSION = 5.0;
				TARGETED_DEVICE_FAMILY = "1,2";
			};
			name = Debug;
		};
		BFC23950297CD9F4005EB2B1 /* Release */ = {
			isa = XCBuildConfiguration;
			buildSettings = {
				ASSETCATALOG_COMPILER_APPICON_NAME = AppIcon;
				ASSETCATALOG_COMPILER_GLOBAL_ACCENT_COLOR_NAME = AccentColor;
				CODE_SIGN_STYLE = Automatic;
				CURRENT_PROJECT_VERSION = 1;
				DEVELOPMENT_ASSET_PATHS = "\"Week1/Preview Content\"";
				DEVELOPMENT_TEAM = L8QX5LU28U;
				ENABLE_PREVIEWS = YES;
				GENERATE_INFOPLIST_FILE = YES;
				INFOPLIST_FILE = Week1/Info.plist;
				INFOPLIST_KEY_NSCameraUsageDescription = "";
				INFOPLIST_KEY_UIApplicationSceneManifest_Generation = YES;
				INFOPLIST_KEY_UIApplicationSupportsIndirectInputEvents = YES;
				INFOPLIST_KEY_UILaunchScreen_Generation = YES;
				INFOPLIST_KEY_UISupportedInterfaceOrientations_iPad = "UIInterfaceOrientationPortrait UIInterfaceOrientationPortraitUpsideDown UIInterfaceOrientationLandscapeLeft UIInterfaceOrientationLandscapeRight";
				INFOPLIST_KEY_UISupportedInterfaceOrientations_iPhone = "UIInterfaceOrientationPortrait UIInterfaceOrientationLandscapeLeft UIInterfaceOrientationLandscapeRight";
				IPHONEOS_DEPLOYMENT_TARGET = 14.0;
				LD_RUNPATH_SEARCH_PATHS = (
					"$(inherited)",
					"@executable_path/Frameworks",
				);
				MARKETING_VERSION = 1.0;
				PRODUCT_BUNDLE_IDENTIFIER = au.edu.uts.student.Week1;
				PRODUCT_NAME = "$(TARGET_NAME)";
				SWIFT_EMIT_LOC_STRINGS = YES;
				SWIFT_VERSION = 5.0;
				TARGETED_DEVICE_FAMILY = "1,2";
			};
			name = Release;
		};
/* End XCBuildConfiguration section */

/* Begin XCConfigurationList section */
		BFC2393B297CD9F4005EB2B1 /* Build configuration list for PBXProject "Week1" */ = {
			isa = XCConfigurationList;
			buildConfigurations = (
				BFC2394C297CD9F4005EB2B1 /* Debug */,
				BFC2394D297CD9F4005EB2B1 /* Release */,
			);
			defaultConfigurationIsVisible = 0;
			defaultConfigurationName = Release;
		};
		BFC2394E297CD9F4005EB2B1 /* Build configuration list for PBXNativeTarget "Week1" */ = {
			isa = XCConfigurationList;
			buildConfigurations = (
				BFC2394F297CD9F4005EB2B1 /* Debug */,
				BFC23950297CD9F4005EB2B1 /* Release */,
			);
			defaultConfigurationIsVisible = 0;
			defaultConfigurationName = Release;
		};
/* End XCConfigurationList section */

/* Begin XCRemoteSwiftPackageReference section */
		BF7C90B32980DCB400CAB2F5 /* XCRemoteSwiftPackageReference "swift-focuser" */ = {
			isa = XCRemoteSwiftPackageReference;
			repositoryURL = "https://github.com/art-technologies/swift-focuser.git";
			requirement = {
				kind = upToNextMajorVersion;
				minimumVersion = 0.2.0;
			};
		};
/* End XCRemoteSwiftPackageReference section */

/* Begin XCSwiftPackageProductDependency section */
		BF7C90B42980DCB400CAB2F5 /* Focuser */ = {
			isa = XCSwiftPackageProductDependency;
			package = BF7C90B32980DCB400CAB2F5 /* XCRemoteSwiftPackageReference "swift-focuser" */;
			productName = Focuser;
		};
/* End XCSwiftPackageProductDependency section */
	};
	rootObject = BFC23938297CD9F4005EB2B1 /* Project object */;
}
